
Microsoft Visual Studio Solution File, Format Version 12.00
# Visual Studio Version 17
VisualStudioVersion = 17.0.32112.339
MinimumVisualStudioVersion = 10.0.40219.1
Project("{FAE04EC0-301F-11D3-BF4B-00C04F79EFBC}") = "TypesAndVariables", "TypesAndVariables\TypesAndVariables.csproj", "{1822212F-DAE8-4157-9B87-BD2A4C5131C5}"
EndProject
Project("{FAE04EC0-301F-11D3-BF4B-00C04F79EFBC}") = "WorkWithConditionBlocks", "WorkWithConditionBlocks\WorkWithConditionBlocks.csproj", "{45D3C7A4-7558-403F-966A-3ED52DABA346}"
EndProject
Project("{FAE04EC0-301F-11D3-BF4B-00C04F79EFBC}") = "WorkWithSingleLineIf", "WorkWithSingleLineIf\WorkWithSingleLineIf.csproj", "{D38C2615-0B46-47D7-BE30-A13D597B7BCD}"
EndProject
Project("{FAE04EC0-301F-11D3-BF4B-00C04F79EFBC}") = "Methods", "Methods\Methods.csproj", "{D30F2B74-19DE-4F15-A997-D1BFE98E48C2}"
EndProject
Project("{FAE04EC0-301F-11D3-BF4B-00C04F79EFBC}") = "Arrays", "Arrays\Arrays.csproj", "{F73A1556-14F7-4A8B-B73D-EA5DFF6C79B2}"
EndProject
Global
	GlobalSection(SolutionConfigurationPlatforms) = preSolution
		Debug|Any CPU = Debug|Any CPU
		Release|Any CPU = Release|Any CPU
	EndGlobalSection
	GlobalSection(ProjectConfigurationPlatforms) = postSolution
		{1822212F-DAE8-4157-9B87-BD2A4C5131C5}.Debug|Any CPU.ActiveCfg = Debug|Any CPU
		{1822212F-DAE8-4157-9B87-BD2A4C5131C5}.Debug|Any CPU.Build.0 = Debug|Any CPU
		{1822212F-DAE8-4157-9B87-BD2A4C5131C5}.Release|Any CPU.ActiveCfg = Release|Any CPU
		{1822212F-DAE8-4157-9B87-BD2A4C5131C5}.Release|Any CPU.Build.0 = Release|Any CPU
		{45D3C7A4-7558-403F-966A-3ED52DABA346}.Debug|Any CPU.ActiveCfg = Debug|Any CPU
		{45D3C7A4-7558-403F-966A-3ED52DABA346}.Debug|Any CPU.Build.0 = Debug|Any CPU
		{45D3C7A4-7558-403F-966A-3ED52DABA346}.Release|Any CPU.ActiveCfg = Release|Any CPU
		{45D3C7A4-7558-403F-966A-3ED52DABA346}.Release|Any CPU.Build.0 = Release|Any CPU
		{D38C2615-0B46-47D7-BE30-A13D597B7BCD}.Debug|Any CPU.ActiveCfg = Debug|Any CPU
		{D38C2615-0B46-47D7-BE30-A13D597B7BCD}.Debug|Any CPU.Build.0 = Debug|Any CPU
		{D38C2615-0B46-47D7-BE30-A13D597B7BCD}.Release|Any CPU.ActiveCfg = Release|Any CPU
		{D38C2615-0B46-47D7-BE30-A13D597B7BCD}.Release|Any CPU.Build.0 = Release|Any CPU
		{D30F2B74-19DE-4F15-A997-D1BFE98E48C2}.Debug|Any CPU.ActiveCfg = Debug|Any CPU
		{D30F2B74-19DE-4F15-A997-D1BFE98E48C2}.Debug|Any CPU.Build.0 = Debug|Any CPU
		{D30F2B74-19DE-4F15-A997-D1BFE98E48C2}.Release|Any CPU.ActiveCfg = Release|Any CPU
		{D30F2B74-19DE-4F15-A997-D1BFE98E48C2}.Release|Any CPU.Build.0 = Release|Any CPU
		{F73A1556-14F7-4A8B-B73D-EA5DFF6C79B2}.Debug|Any CPU.ActiveCfg = Debug|Any CPU
		{F73A1556-14F7-4A8B-B73D-EA5DFF6C79B2}.Debug|Any CPU.Build.0 = Debug|Any CPU
		{F73A1556-14F7-4A8B-B73D-EA5DFF6C79B2}.Release|Any CPU.ActiveCfg = Release|Any CPU
		{F73A1556-14F7-4A8B-B73D-EA5DFF6C79B2}.Release|Any CPU.Build.0 = Release|Any CPU
	EndGlobalSection
	GlobalSection(SolutionProperties) = preSolution
		HideSolutionNode = FALSE
	EndGlobalSection
	GlobalSection(ExtensibilityGlobals) = postSolution
		SolutionGuid = {93EC2092-4D6D-41C7-B60A-F5E8717F74AC}
	EndGlobalSection
EndGlobal
