
Microsoft Visual Studio Solution File, Format Version 12.00
# Visual Studio Version 17
VisualStudioVersion = 17.11.35327.3
MinimumVisualStudioVersion = 10.0.40219.1
Project("{9A19103F-16F7-4668-BE54-9A1E7A4F7556}") = "01.VariablesAndDataTypes", "01.VariablesAndDataTypes\01.VariablesAndDataTypes.csproj", "{5ED9AE2A-4F72-4ACB-95D7-52B1CCC8F0F1}"
EndProject
Project("{FAE04EC0-301F-11D3-BF4B-00C04F79EFBC}") = "02.Conditionals", "02.Conditionals\02.Conditionals.csproj", "{F7219C67-A6C1-4B6C-AD3C-5D91CDDC1103}"
EndProject
Project("{FAE04EC0-301F-11D3-BF4B-00C04F79EFBC}") = "03.Methods", "03.Methods\03.Methods.csproj", "{ACC84C93-69C6-44E9-8734-3BEEB092E069}"
EndProject
Project("{FAE04EC0-301F-11D3-BF4B-00C04F79EFBC}") = "04.Arrays", "04.Arrays\04.Arrays.csproj", "{41C89723-1207-4228-B46B-D43A3A2BC4AF}"
EndProject
Project("{FAE04EC0-301F-11D3-BF4B-00C04F79EFBC}") = "05.Loops", "05.Loops\05.Loops.csproj", "{53B95DC0-2B09-4088-A730-4BC89F139F43}"
EndProject
Project("{FAE04EC0-301F-11D3-BF4B-00C04F79EFBC}") = "06.Strings", "Strings\06.Strings.csproj", "{E00B655B-5521-4AE9-9540-1F49ECEDB599}"
EndProject
Project("{FAE04EC0-301F-11D3-BF4B-00C04F79EFBC}") = "07.Classes", "07.Classes\07.Classes.csproj", "{5A328A5A-E1A5-4187-807F-1F304C8D3D7A}"
EndProject
Global
	GlobalSection(SolutionConfigurationPlatforms) = preSolution
		Debug|Any CPU = Debug|Any CPU
		Release|Any CPU = Release|Any CPU
	EndGlobalSection
	GlobalSection(ProjectConfigurationPlatforms) = postSolution
		{5ED9AE2A-4F72-4ACB-95D7-52B1CCC8F0F1}.Debug|Any CPU.ActiveCfg = Debug|Any CPU
		{5ED9AE2A-4F72-4ACB-95D7-52B1CCC8F0F1}.Debug|Any CPU.Build.0 = Debug|Any CPU
		{5ED9AE2A-4F72-4ACB-95D7-52B1CCC8F0F1}.Release|Any CPU.ActiveCfg = Release|Any CPU
		{5ED9AE2A-4F72-4ACB-95D7-52B1CCC8F0F1}.Release|Any CPU.Build.0 = Release|Any CPU
		{F7219C67-A6C1-4B6C-AD3C-5D91CDDC1103}.Debug|Any CPU.ActiveCfg = Debug|Any CPU
		{F7219C67-A6C1-4B6C-AD3C-5D91CDDC1103}.Debug|Any CPU.Build.0 = Debug|Any CPU
		{F7219C67-A6C1-4B6C-AD3C-5D91CDDC1103}.Release|Any CPU.ActiveCfg = Release|Any CPU
		{F7219C67-A6C1-4B6C-AD3C-5D91CDDC1103}.Release|Any CPU.Build.0 = Release|Any CPU
		{ACC84C93-69C6-44E9-8734-3BEEB092E069}.Debug|Any CPU.ActiveCfg = Debug|Any CPU
		{ACC84C93-69C6-44E9-8734-3BEEB092E069}.Debug|Any CPU.Build.0 = Debug|Any CPU
		{ACC84C93-69C6-44E9-8734-3BEEB092E069}.Release|Any CPU.ActiveCfg = Release|Any CPU
		{ACC84C93-69C6-44E9-8734-3BEEB092E069}.Release|Any CPU.Build.0 = Release|Any CPU
		{41C89723-1207-4228-B46B-D43A3A2BC4AF}.Debug|Any CPU.ActiveCfg = Debug|Any CPU
		{41C89723-1207-4228-B46B-D43A3A2BC4AF}.Debug|Any CPU.Build.0 = Debug|Any CPU
		{41C89723-1207-4228-B46B-D43A3A2BC4AF}.Release|Any CPU.ActiveCfg = Release|Any CPU
		{41C89723-1207-4228-B46B-D43A3A2BC4AF}.Release|Any CPU.Build.0 = Release|Any CPU
		{53B95DC0-2B09-4088-A730-4BC89F139F43}.Debug|Any CPU.ActiveCfg = Debug|Any CPU
		{53B95DC0-2B09-4088-A730-4BC89F139F43}.Debug|Any CPU.Build.0 = Debug|Any CPU
		{53B95DC0-2B09-4088-A730-4BC89F139F43}.Release|Any CPU.ActiveCfg = Release|Any CPU
		{53B95DC0-2B09-4088-A730-4BC89F139F43}.Release|Any CPU.Build.0 = Release|Any CPU
		{E00B655B-5521-4AE9-9540-1F49ECEDB599}.Debug|Any CPU.ActiveCfg = Debug|Any CPU
		{E00B655B-5521-4AE9-9540-1F49ECEDB599}.Debug|Any CPU.Build.0 = Debug|Any CPU
		{E00B655B-5521-4AE9-9540-1F49ECEDB599}.Release|Any CPU.ActiveCfg = Release|Any CPU
		{E00B655B-5521-4AE9-9540-1F49ECEDB599}.Release|Any CPU.Build.0 = Release|Any CPU
		{5A328A5A-E1A5-4187-807F-1F304C8D3D7A}.Debug|Any CPU.ActiveCfg = Debug|Any CPU
		{5A328A5A-E1A5-4187-807F-1F304C8D3D7A}.Debug|Any CPU.Build.0 = Debug|Any CPU
		{5A328A5A-E1A5-4187-807F-1F304C8D3D7A}.Release|Any CPU.ActiveCfg = Release|Any CPU
		{5A328A5A-E1A5-4187-807F-1F304C8D3D7A}.Release|Any CPU.Build.0 = Release|Any CPU
	EndGlobalSection
	GlobalSection(SolutionProperties) = preSolution
		HideSolutionNode = FALSE
	EndGlobalSection
	GlobalSection(ExtensibilityGlobals) = postSolution
		SolutionGuid = {53A6A41A-1DAF-49E9-B025-D17F8A516ED1}
	EndGlobalSection
EndGlobal
